
Microsoft Visual Studio Solution File, Format Version 12.00
# Visual Studio 14
VisualStudioVersion = 14.0.23107.0
MinimumVisualStudioVersion = 10.0.40219.1
Project("{2150E333-8FDC-42A3-9474-1A3956D46DE8}") = "3 -Domain", "3 -Domain", "{4FDF39F6-5CA4-4657-ABAF-BC81195476A4}"
EndProject
Project("{FAE04EC0-301F-11D3-BF4B-00C04F79EFBC}") = "TshirtStore.Domain", "TshirtStore.Domain\TshirtStore.Domain.csproj", "{A255AE4A-8902-4699-8C97-E79A2874448B}"
EndProject
Project("{2150E333-8FDC-42A3-9474-1A3956D46DE8}") = "5 -Tests", "5 -Tests", "{CB348B96-54E9-43FE-8AD4-E4A21847D95D}"
EndProject
Project("{FAE04EC0-301F-11D3-BF4B-00C04F79EFBC}") = "TshirtStore.Domain.Tests", "TshirtStore.Domain.Tests\TshirtStore.Domain.Tests.csproj", "{299598C0-1340-43BA-8D62-E3E51AB41879}"
EndProject
Project("{FAE04EC0-301F-11D3-BF4B-00C04F79EFBC}") = "TshirtStore.SharedKernel", "TshirtStore.SharedKernel\TshirtStore.SharedKernel.csproj", "{A8C46B03-AA85-4B89-9156-1AE00A380B30}"
EndProject
Project("{2150E333-8FDC-42A3-9474-1A3956D46DE8}") = "4 - Infrastructure", "4 - Infrastructure", "{DEFF6CFD-4B19-4FE1-8F61-5091C3C285B5}"
EndProject
Project("{FAE04EC0-301F-11D3-BF4B-00C04F79EFBC}") = "TshirtStore.Infra", "TshirtStore.Infra\TshirtStore.Infra.csproj", "{8DB3CA9F-E586-4AD1-B8B0-06096404B3EC}"
EndProject
Project("{2150E333-8FDC-42A3-9474-1A3956D46DE8}") = "2 - ApplicationService", "2 - ApplicationService", "{6F0F21D0-5B7D-4F22-9EEF-A5F9877E6246}"
EndProject
Project("{FAE04EC0-301F-11D3-BF4B-00C04F79EFBC}") = "TshirtStore.ApplicationService", "TshirtStore.ApplicationService\TshirtStore.ApplicationService.csproj", "{809C7F78-38F3-4D06-B68C-70CADAA24BD6}"
EndProject
Project("{FAE04EC0-301F-11D3-BF4B-00C04F79EFBC}") = "TshirtStore.CrossCutting", "TshirtStore.CrossCutting\TshirtStore.CrossCutting.csproj", "{B88B6CD3-1E5A-4931-9390-C6F95CA29745}"
EndProject
Project("{2150E333-8FDC-42A3-9474-1A3956D46DE8}") = "1 - API", "1 - API", "{C5C2C1B1-191F-4EC7-BFFE-A64BB95979F9}"
EndProject
Project("{FAE04EC0-301F-11D3-BF4B-00C04F79EFBC}") = "TshirtStore.Api", "TshirtStore.Api\TshirtStore.Api.csproj", "{52E899B0-08AE-4C36-85C8-97C178316E5E}"
EndProject
Global
	GlobalSection(SolutionConfigurationPlatforms) = preSolution
		Debug|Any CPU = Debug|Any CPU
		Release|Any CPU = Release|Any CPU
	EndGlobalSection
	GlobalSection(ProjectConfigurationPlatforms) = postSolution
		{A255AE4A-8902-4699-8C97-E79A2874448B}.Debug|Any CPU.ActiveCfg = Debug|Any CPU
		{A255AE4A-8902-4699-8C97-E79A2874448B}.Debug|Any CPU.Build.0 = Debug|Any CPU
		{A255AE4A-8902-4699-8C97-E79A2874448B}.Release|Any CPU.ActiveCfg = Release|Any CPU
		{A255AE4A-8902-4699-8C97-E79A2874448B}.Release|Any CPU.Build.0 = Release|Any CPU
		{299598C0-1340-43BA-8D62-E3E51AB41879}.Debug|Any CPU.ActiveCfg = Debug|Any CPU
		{299598C0-1340-43BA-8D62-E3E51AB41879}.Debug|Any CPU.Build.0 = Debug|Any CPU
		{299598C0-1340-43BA-8D62-E3E51AB41879}.Release|Any CPU.ActiveCfg = Release|Any CPU
		{299598C0-1340-43BA-8D62-E3E51AB41879}.Release|Any CPU.Build.0 = Release|Any CPU
		{A8C46B03-AA85-4B89-9156-1AE00A380B30}.Debug|Any CPU.ActiveCfg = Debug|Any CPU
		{A8C46B03-AA85-4B89-9156-1AE00A380B30}.Debug|Any CPU.Build.0 = Debug|Any CPU
		{A8C46B03-AA85-4B89-9156-1AE00A380B30}.Release|Any CPU.ActiveCfg = Release|Any CPU
		{A8C46B03-AA85-4B89-9156-1AE00A380B30}.Release|Any CPU.Build.0 = Release|Any CPU
		{8DB3CA9F-E586-4AD1-B8B0-06096404B3EC}.Debug|Any CPU.ActiveCfg = Debug|Any CPU
		{8DB3CA9F-E586-4AD1-B8B0-06096404B3EC}.Debug|Any CPU.Build.0 = Debug|Any CPU
		{8DB3CA9F-E586-4AD1-B8B0-06096404B3EC}.Release|Any CPU.ActiveCfg = Release|Any CPU
		{8DB3CA9F-E586-4AD1-B8B0-06096404B3EC}.Release|Any CPU.Build.0 = Release|Any CPU
		{809C7F78-38F3-4D06-B68C-70CADAA24BD6}.Debug|Any CPU.ActiveCfg = Debug|Any CPU
		{809C7F78-38F3-4D06-B68C-70CADAA24BD6}.Debug|Any CPU.Build.0 = Debug|Any CPU
		{809C7F78-38F3-4D06-B68C-70CADAA24BD6}.Release|Any CPU.ActiveCfg = Release|Any CPU
		{809C7F78-38F3-4D06-B68C-70CADAA24BD6}.Release|Any CPU.Build.0 = Release|Any CPU
		{B88B6CD3-1E5A-4931-9390-C6F95CA29745}.Debug|Any CPU.ActiveCfg = Debug|Any CPU
		{B88B6CD3-1E5A-4931-9390-C6F95CA29745}.Debug|Any CPU.Build.0 = Debug|Any CPU
		{B88B6CD3-1E5A-4931-9390-C6F95CA29745}.Release|Any CPU.ActiveCfg = Release|Any CPU
		{B88B6CD3-1E5A-4931-9390-C6F95CA29745}.Release|Any CPU.Build.0 = Release|Any CPU
		{52E899B0-08AE-4C36-85C8-97C178316E5E}.Debug|Any CPU.ActiveCfg = Debug|Any CPU
		{52E899B0-08AE-4C36-85C8-97C178316E5E}.Debug|Any CPU.Build.0 = Debug|Any CPU
		{52E899B0-08AE-4C36-85C8-97C178316E5E}.Release|Any CPU.ActiveCfg = Release|Any CPU
		{52E899B0-08AE-4C36-85C8-97C178316E5E}.Release|Any CPU.Build.0 = Release|Any CPU
	EndGlobalSection
	GlobalSection(SolutionProperties) = preSolution
		HideSolutionNode = FALSE
	EndGlobalSection
	GlobalSection(NestedProjects) = preSolution
		{A255AE4A-8902-4699-8C97-E79A2874448B} = {4FDF39F6-5CA4-4657-ABAF-BC81195476A4}
		{299598C0-1340-43BA-8D62-E3E51AB41879} = {CB348B96-54E9-43FE-8AD4-E4A21847D95D}
		{A8C46B03-AA85-4B89-9156-1AE00A380B30} = {4FDF39F6-5CA4-4657-ABAF-BC81195476A4}
		{8DB3CA9F-E586-4AD1-B8B0-06096404B3EC} = {DEFF6CFD-4B19-4FE1-8F61-5091C3C285B5}
		{809C7F78-38F3-4D06-B68C-70CADAA24BD6} = {6F0F21D0-5B7D-4F22-9EEF-A5F9877E6246}
		{B88B6CD3-1E5A-4931-9390-C6F95CA29745} = {DEFF6CFD-4B19-4FE1-8F61-5091C3C285B5}
		{52E899B0-08AE-4C36-85C8-97C178316E5E} = {C5C2C1B1-191F-4EC7-BFFE-A64BB95979F9}
	EndGlobalSection
EndGlobal
